
Microsoft Visual Studio Solution File, Format Version 12.00
# Visual Studio Version 16
VisualStudioVersion = 16.0.31005.135
MinimumVisualStudioVersion = 10.0.40219.1
Project("{FAE04EC0-301F-11D3-BF4B-00C04F79EFBC}") = "NH_stim_GUI", "NH_stim_GUI.csproj", "{3559BB31-7BD4-48B1-988A-5CD7AC99FA2F}"
EndProject
Global
	GlobalSection(SolutionConfigurationPlatforms) = preSolution
		Debug|Any CPU = Debug|Any CPU
		Release|Any CPU = Release|Any CPU
	EndGlobalSection
	GlobalSection(ProjectConfigurationPlatforms) = postSolution
		{3559BB31-7BD4-48B1-988A-5CD7AC99FA2F}.Debug|Any CPU.ActiveCfg = Debug|Any CPU
		{3559BB31-7BD4-48B1-988A-5CD7AC99FA2F}.Debug|Any CPU.Build.0 = Debug|Any CPU
		{3559BB31-7BD4-48B1-988A-5CD7AC99FA2F}.Release|Any CPU.ActiveCfg = Release|Any CPU
		{3559BB31-7BD4-48B1-988A-5CD7AC99FA2F}.Release|Any CPU.Build.0 = Release|Any CPU
	EndGlobalSection
	GlobalSection(SolutionProperties) = preSolution
		HideSolutionNode = FALSE
	EndGlobalSection
	GlobalSection(ExtensibilityGlobals) = postSolution
		SolutionGuid = {0FA26BFD-7E83-4B75-8459-9074C42BE0DC}
	EndGlobalSection
EndGlobal
